{
  "lockfileVersion": 1,
  "dependencies": {
    "intl-tel-input": {
      "version": "15.0.2",
      "resolved": "https://registry.npmjs.org/intl-tel-input/-/intl-tel-input-15.0.2.tgz",
      "integrity": "sha512-X2rjM7gWDiv2N3H00Zv30VwCxAI14iflQjNqLjcCQxRp3ldGz731xrjryNXcWMBjATBLfr5pSTZALtjxShQqOg=="
    }
  }
}
