{
  "lockfileVersion": 1,
  "dependencies": {
    "intl-tel-input": {
      "version": "25.2.1",
      "resolved": "https://registry.npmjs.org/intl-tel-input/-/intl-tel-input-25.2.1.tgz",
      "integrity": "sha512-HBZlTji2yLCYBgaLzG0+oENqLT7UkSlGvmqtqmI5wLlxnfMmqt6YXnO3PrgG0zh0rkq8QNmQXc8wcaAWog2HHw=="
    }
  }
}
