{
  "lockfileVersion": 1,
  "dependencies": {
    "intl-tel-input": {
      "version": "17.0.15",
      "resolved": "https://registry.npmjs.org/intl-tel-input/-/intl-tel-input-17.0.15.tgz",
      "integrity": "sha512-mhgx+JbF6f5AJoJXupcoX7Ocr6s6znnmATFI0YBUIDevFGRhlpSe+Iz/CmMuM4uFuzIr5dfBoaCvyFYtkaUczA=="
    }
  }
}
